
Microsoft Visual Studio Solution File, Format Version 12.00
# Visual Studio Version 17
VisualStudioVersion = 17.6.33801.468
MinimumVisualStudioVersion = 10.0.40219.1
Project("{FAE04EC0-301F-11D3-BF4B-00C04F79EFBC}") = "Book Library", "Book Library\Book Library.csproj", "{C260B8EB-F223-4DBE-B2FF-5E6C58F2F490}"
EndProject
Global
	GlobalSection(SolutionConfigurationPlatforms) = preSolution
		Debug|Any CPU = Debug|Any CPU
		Release|Any CPU = Release|Any CPU
	EndGlobalSection
	GlobalSection(ProjectConfigurationPlatforms) = postSolution
		{C260B8EB-F223-4DBE-B2FF-5E6C58F2F490}.Debug|Any CPU.ActiveCfg = Debug|Any CPU
		{C260B8EB-F223-4DBE-B2FF-5E6C58F2F490}.Debug|Any CPU.Build.0 = Debug|Any CPU
		{C260B8EB-F223-4DBE-B2FF-5E6C58F2F490}.Release|Any CPU.ActiveCfg = Release|Any CPU
		{C260B8EB-F223-4DBE-B2FF-5E6C58F2F490}.Release|Any CPU.Build.0 = Release|Any CPU
	EndGlobalSection
	GlobalSection(SolutionProperties) = preSolution
		HideSolutionNode = FALSE
	EndGlobalSection
	GlobalSection(ExtensibilityGlobals) = postSolution
		SolutionGuid = {B45668AF-1485-4DBA-B7C0-A1B0792CAF97}
	EndGlobalSection
EndGlobal
